
Microsoft Visual Studio Solution File, Format Version 12.00
# Visual Studio Version 16
VisualStudioVersion = 16.0.28803.452
MinimumVisualStudioVersion = 10.0.40219.1
Project("{2150E333-8FDC-42A3-9474-1A3956D46DE8}") = "src", "src", "{43A8B8E3-C780-4D04-8D4F-BF73C11C8716}"
EndProject
Project("{2150E333-8FDC-42A3-9474-1A3956D46DE8}") = "tests", "tests", "{3B74CAC2-748B-419F-A115-36A03C6499B3}"
EndProject
Project("{9A19103F-16F7-4668-BE54-9A1E7A4F7556}") = "AtEase.Newtonsoft.Json", "src\AtEase.Newtonsoft.Json\AtEase.Newtonsoft.Json.csproj", "{8C2D9EFD-A7E8-4500-A500-53FDE648820E}"
EndProject
Project("{9A19103F-16F7-4668-BE54-9A1E7A4F7556}") = "AtEase.Newtonsoft.Json.Test", "tests\AtEase.Newtonsoft.Json.Test\AtEase.Newtonsoft.Json.Test.csproj", "{9EABF622-FBA1-45EA-BA99-0E60D7028553}"
EndProject
Global
	GlobalSection(SolutionConfigurationPlatforms) = preSolution
		Debug|Any CPU = Debug|Any CPU
		Release|Any CPU = Release|Any CPU
	EndGlobalSection
	GlobalSection(ProjectConfigurationPlatforms) = postSolution
		{8C2D9EFD-A7E8-4500-A500-53FDE648820E}.Debug|Any CPU.ActiveCfg = Debug|Any CPU
		{8C2D9EFD-A7E8-4500-A500-53FDE648820E}.Debug|Any CPU.Build.0 = Debug|Any CPU
		{8C2D9EFD-A7E8-4500-A500-53FDE648820E}.Release|Any CPU.ActiveCfg = Release|Any CPU
		{8C2D9EFD-A7E8-4500-A500-53FDE648820E}.Release|Any CPU.Build.0 = Release|Any CPU
		{9EABF622-FBA1-45EA-BA99-0E60D7028553}.Debug|Any CPU.ActiveCfg = Debug|Any CPU
		{9EABF622-FBA1-45EA-BA99-0E60D7028553}.Debug|Any CPU.Build.0 = Debug|Any CPU
		{9EABF622-FBA1-45EA-BA99-0E60D7028553}.Release|Any CPU.ActiveCfg = Release|Any CPU
		{9EABF622-FBA1-45EA-BA99-0E60D7028553}.Release|Any CPU.Build.0 = Release|Any CPU
	EndGlobalSection
	GlobalSection(SolutionProperties) = preSolution
		HideSolutionNode = FALSE
	EndGlobalSection
	GlobalSection(NestedProjects) = preSolution
		{8C2D9EFD-A7E8-4500-A500-53FDE648820E} = {43A8B8E3-C780-4D04-8D4F-BF73C11C8716}
		{9EABF622-FBA1-45EA-BA99-0E60D7028553} = {3B74CAC2-748B-419F-A115-36A03C6499B3}
	EndGlobalSection
	GlobalSection(ExtensibilityGlobals) = postSolution
		SolutionGuid = {0D699927-0CE5-4428-AC21-F1C80B23D6AA}
	EndGlobalSection
EndGlobal
